
Microsoft Visual Studio Solution File, Format Version 12.00
# Visual Studio Version 17
VisualStudioVersion = 17.12.35527.113
MinimumVisualStudioVersion = 10.0.40219.1
Project("{2150E333-8FDC-42A3-9474-1A3956D46DE8}") = "FrontEnd", "FrontEnd", "{BD3BEF3F-169A-49A2-A652-FB173F396E61}"
EndProject
Project("{2150E333-8FDC-42A3-9474-1A3956D46DE8}") = "Gateway", "Gateway", "{23585AB9-56C2-4F86-867E-FAFFE5D6AFC3}"
EndProject
Project("{2150E333-8FDC-42A3-9474-1A3956D46DE8}") = "Intergration", "Intergration", "{ED802A12-B342-4399-A7A2-8C8848187CA4}"
EndProject
Project("{2150E333-8FDC-42A3-9474-1A3956D46DE8}") = "Services", "Services", "{5FA635A3-EF75-49BE-B639-381A16604FF1}"
EndProject
Project("{FAE04EC0-301F-11D3-BF4B-00C04F79EFBC}") = "Mango.Services.CouponAPI", "Mango.Services.CouponAPI\Mango.Services.CouponAPI.csproj", "{E57D4F34-E02C-42DA-935F-A9AB1E431CE1}"
EndProject
Project("{FAE04EC0-301F-11D3-BF4B-00C04F79EFBC}") = "Mango.Web", "Mango.Web\Mango.Web.csproj", "{8544B391-8659-4993-AF07-F3B7164B4F30}"
EndProject
Project("{FAE04EC0-301F-11D3-BF4B-00C04F79EFBC}") = "Mango.Services.AuthAPI", "Mango.Services.AuthAPI\Mango.Services.AuthAPI.csproj", "{0ECC445B-134A-41C0-89F2-7E464A77967C}"
EndProject
Project("{FAE04EC0-301F-11D3-BF4B-00C04F79EFBC}") = "Mango.Services.ProductAPI", "Mango.Services.ProductAPI\Mango.Services.ProductAPI.csproj", "{3AD7688E-01A1-4478-857E-B7EDB7FCFC6A}"
EndProject
Project("{FAE04EC0-301F-11D3-BF4B-00C04F79EFBC}") = "Mango.Services.ShoppingCartAPI", "Mango.Services.ShoppingCartAPI\Mango.Services.ShoppingCartAPI.csproj", "{26717CEE-263B-40AB-A44B-4B1F95C13D51}"
EndProject
Project("{FAE04EC0-301F-11D3-BF4B-00C04F79EFBC}") = "Mango.MessageBus", "Mango.MessageBus\Mango.MessageBus.csproj", "{B5781D55-974A-4F46-A704-8E086EDAA1D9}"
EndProject
Global
	GlobalSection(SolutionConfigurationPlatforms) = preSolution
		Debug|Any CPU = Debug|Any CPU
		Release|Any CPU = Release|Any CPU
	EndGlobalSection
	GlobalSection(ProjectConfigurationPlatforms) = postSolution
		{E57D4F34-E02C-42DA-935F-A9AB1E431CE1}.Debug|Any CPU.ActiveCfg = Debug|Any CPU
		{E57D4F34-E02C-42DA-935F-A9AB1E431CE1}.Debug|Any CPU.Build.0 = Debug|Any CPU
		{E57D4F34-E02C-42DA-935F-A9AB1E431CE1}.Release|Any CPU.ActiveCfg = Release|Any CPU
		{E57D4F34-E02C-42DA-935F-A9AB1E431CE1}.Release|Any CPU.Build.0 = Release|Any CPU
		{8544B391-8659-4993-AF07-F3B7164B4F30}.Debug|Any CPU.ActiveCfg = Debug|Any CPU
		{8544B391-8659-4993-AF07-F3B7164B4F30}.Debug|Any CPU.Build.0 = Debug|Any CPU
		{8544B391-8659-4993-AF07-F3B7164B4F30}.Release|Any CPU.ActiveCfg = Release|Any CPU
		{8544B391-8659-4993-AF07-F3B7164B4F30}.Release|Any CPU.Build.0 = Release|Any CPU
		{0ECC445B-134A-41C0-89F2-7E464A77967C}.Debug|Any CPU.ActiveCfg = Debug|Any CPU
		{0ECC445B-134A-41C0-89F2-7E464A77967C}.Debug|Any CPU.Build.0 = Debug|Any CPU
		{0ECC445B-134A-41C0-89F2-7E464A77967C}.Release|Any CPU.ActiveCfg = Release|Any CPU
		{0ECC445B-134A-41C0-89F2-7E464A77967C}.Release|Any CPU.Build.0 = Release|Any CPU
		{3AD7688E-01A1-4478-857E-B7EDB7FCFC6A}.Debug|Any CPU.ActiveCfg = Debug|Any CPU
		{3AD7688E-01A1-4478-857E-B7EDB7FCFC6A}.Debug|Any CPU.Build.0 = Debug|Any CPU
		{3AD7688E-01A1-4478-857E-B7EDB7FCFC6A}.Release|Any CPU.ActiveCfg = Release|Any CPU
		{3AD7688E-01A1-4478-857E-B7EDB7FCFC6A}.Release|Any CPU.Build.0 = Release|Any CPU
		{26717CEE-263B-40AB-A44B-4B1F95C13D51}.Debug|Any CPU.ActiveCfg = Debug|Any CPU
		{26717CEE-263B-40AB-A44B-4B1F95C13D51}.Debug|Any CPU.Build.0 = Debug|Any CPU
		{26717CEE-263B-40AB-A44B-4B1F95C13D51}.Release|Any CPU.ActiveCfg = Release|Any CPU
		{26717CEE-263B-40AB-A44B-4B1F95C13D51}.Release|Any CPU.Build.0 = Release|Any CPU
		{B5781D55-974A-4F46-A704-8E086EDAA1D9}.Debug|Any CPU.ActiveCfg = Debug|Any CPU
		{B5781D55-974A-4F46-A704-8E086EDAA1D9}.Debug|Any CPU.Build.0 = Debug|Any CPU
		{B5781D55-974A-4F46-A704-8E086EDAA1D9}.Release|Any CPU.ActiveCfg = Release|Any CPU
		{B5781D55-974A-4F46-A704-8E086EDAA1D9}.Release|Any CPU.Build.0 = Release|Any CPU
	EndGlobalSection
	GlobalSection(SolutionProperties) = preSolution
		HideSolutionNode = FALSE
	EndGlobalSection
	GlobalSection(NestedProjects) = preSolution
		{E57D4F34-E02C-42DA-935F-A9AB1E431CE1} = {5FA635A3-EF75-49BE-B639-381A16604FF1}
		{8544B391-8659-4993-AF07-F3B7164B4F30} = {BD3BEF3F-169A-49A2-A652-FB173F396E61}
		{0ECC445B-134A-41C0-89F2-7E464A77967C} = {5FA635A3-EF75-49BE-B639-381A16604FF1}
		{3AD7688E-01A1-4478-857E-B7EDB7FCFC6A} = {5FA635A3-EF75-49BE-B639-381A16604FF1}
		{26717CEE-263B-40AB-A44B-4B1F95C13D51} = {5FA635A3-EF75-49BE-B639-381A16604FF1}
		{B5781D55-974A-4F46-A704-8E086EDAA1D9} = {ED802A12-B342-4399-A7A2-8C8848187CA4}
	EndGlobalSection
EndGlobal
